
Microsoft Visual Studio Solution File, Format Version 12.00
# Visual Studio Version 17
VisualStudioVersion = 17.2.32630.192
MinimumVisualStudioVersion = 10.0.40219.1
Project("{9A19103F-16F7-4668-BE54-9A1E7A4F7556}") = "cloudphotobackend.Tests", "test\cloudphotobackend.Tests.csproj", "{5CF8BB8A-3793-496C-AEF1-3D76F59D0C41}"
EndProject
Project("{9A19103F-16F7-4668-BE54-9A1E7A4F7556}") = "cloudphotobackend", "src\cloudphotobackend.csproj", "{0367139B-5433-4E16-8089-41CEF03CBCD4}"
EndProject
Global
	GlobalSection(SolutionConfigurationPlatforms) = preSolution
		Debug|Any CPU = Debug|Any CPU
		Release|Any CPU = Release|Any CPU
	EndGlobalSection
	GlobalSection(ProjectConfigurationPlatforms) = postSolution
		{5CF8BB8A-3793-496C-AEF1-3D76F59D0C41}.Debug|Any CPU.ActiveCfg = Debug|Any CPU
		{5CF8BB8A-3793-496C-AEF1-3D76F59D0C41}.Debug|Any CPU.Build.0 = Debug|Any CPU
		{5CF8BB8A-3793-496C-AEF1-3D76F59D0C41}.Release|Any CPU.ActiveCfg = Release|Any CPU
		{5CF8BB8A-3793-496C-AEF1-3D76F59D0C41}.Release|Any CPU.Build.0 = Release|Any CPU
		{0367139B-5433-4E16-8089-41CEF03CBCD4}.Debug|Any CPU.ActiveCfg = Debug|Any CPU
		{0367139B-5433-4E16-8089-41CEF03CBCD4}.Debug|Any CPU.Build.0 = Debug|Any CPU
		{0367139B-5433-4E16-8089-41CEF03CBCD4}.Release|Any CPU.ActiveCfg = Release|Any CPU
		{0367139B-5433-4E16-8089-41CEF03CBCD4}.Release|Any CPU.Build.0 = Release|Any CPU
	EndGlobalSection
	GlobalSection(SolutionProperties) = preSolution
		HideSolutionNode = FALSE
	EndGlobalSection
	GlobalSection(ExtensibilityGlobals) = postSolution
		SolutionGuid = {231A8E1A-7408-4B37-B7A7-8845E9C36B97}
	EndGlobalSection
EndGlobal
